
Microsoft Visual Studio Solution File, Format Version 12.00
# Visual Studio Version 16
VisualStudioVersion = 16.0.30804.86
MinimumVisualStudioVersion = 10.0.40219.1
Project("{FAE04EC0-301F-11D3-BF4B-00C04F79EFBC}") = "ClassLibrary2", "ClassLibrary2\ClassLibrary2.csproj", "{57A539B7-0618-4723-A2A3-F53E78B1F23D}"
EndProject
Global
	GlobalSection(SolutionConfigurationPlatforms) = preSolution
		Debug|Any CPU = Debug|Any CPU
		Release|Any CPU = Release|Any CPU
	EndGlobalSection
	GlobalSection(ProjectConfigurationPlatforms) = postSolution
		{57A539B7-0618-4723-A2A3-F53E78B1F23D}.Debug|Any CPU.ActiveCfg = Debug|Any CPU
		{57A539B7-0618-4723-A2A3-F53E78B1F23D}.Debug|Any CPU.Build.0 = Debug|Any CPU
		{57A539B7-0618-4723-A2A3-F53E78B1F23D}.Release|Any CPU.ActiveCfg = Release|Any CPU
		{57A539B7-0618-4723-A2A3-F53E78B1F23D}.Release|Any CPU.Build.0 = Release|Any CPU
	EndGlobalSection
	GlobalSection(SolutionProperties) = preSolution
		HideSolutionNode = FALSE
	EndGlobalSection
	GlobalSection(ExtensibilityGlobals) = postSolution
		SolutionGuid = {2E2A044F-A65E-454E-A816-F1A6FF912776}
	EndGlobalSection
EndGlobal
